# fw/util/lock.yml — single source of truth for all pinned tool versions
# All scripts read from this file.

pico_sdk:
  version: "2.2.0"
  url: "https://github.com/raspberrypi/pico-sdk/archive/refs/tags/2.2.0.tar.gz"
  sha256: "dbd8db79015aced4ef35cbaa88051b0d451775010d20202e1c7d2bee69c25b35"
  extract_subdir: "pico-sdk-2.2.0"
  dest: "fw/ext/tools/pico-sdk/sdk/2.2.0"

arm_toolchain:
  version: "14_2_Rel1"
  url: "https://developer.arm.com/-/media/Files/downloads/gnu/14.2.rel1/binrel/arm-gnu-toolchain-14.2.rel1-x86_64-arm-none-eabi.tar.xz"
  sha256: "62a63b981fe391a9cbad7ef51b17e49aeaa3e7b0d029b36ca1e9c3b2a9b78823"
  extract_subdir: "arm-gnu-toolchain-14.2.rel1-x86_64-arm-none-eabi"
  dest: "fw/ext/tools/pico-sdk/toolchain/14_2_Rel1"

picotool:
  version: "2.2.0"
  url: "https://github.com/raspberrypi/picotool/archive/refs/tags/2.2.0.tar.gz"
  sha256: "aab3d82fb1e576d97156ddcb962ae7cf290518a5f20d9002ac27e628dc657620"
  extract_subdir: "picotool-2.2.0"
  dest: "fw/ext/tools/pico-sdk/picotool/2.2.0"

sdcc:
  version: "4.5.0"
  url: "https://sourceforge.net/projects/sdcc/files/sdcc-linux-amd64/4.5.0/sdcc-4.5.0-amd64-unknown-linux2.5.tar.bz2/download"
  sha256: "3395722e3f8a31ce6a14c75fc419f586a3573b939f85efee5c88cdd35820a240"
  dest: "fw/ext/bin/sdcc"

tinyusb:
  # Provided by pico_sdk submodule (lib/tinyusb). Patches applied by get_deps.sh.
  patches: "fw/util/patches/tinyusb"

esp_at:
  version: "v3.3.0.0"
  commit: "498f10caf9f4e61ba30bd9cc637c0401125ef681"
  url: "https://github.com/espressif/esp-at/archive/498f10caf9f4e61ba30bd9cc637c0401125ef681.tar.gz"
  sha256: "4f72875cd3e72d36de7e9b11114b3729a3bb70adb10018c0977bc4604a32c988"
  extract_subdir: "esp-at-498f10caf9f4e61ba30bd9cc637c0401125ef681"
  dest: "fw/ext/src/esp-at"

openmsx:
  version: "RELEASE_21_0"
  commit: "cb61db762aba16752ff649990bf85e40627777af"
  url: "https://github.com/openMSX/openMSX/archive/refs/tags/RELEASE_21_0.tar.gz"
  sha256: "678b520172ad0f1f75350dfecf827d742dba2edf57fba545f3d2bcac7d4818fc"
  extract_subdir: "openMSX-RELEASE_21_0"
  dest: "fw/ext/src/openmsx"

esp_serial_flasher:
  version: "v1.8.0"
  url: "https://github.com/espressif/esp-serial-flasher/archive/refs/tags/v1.8.0.tar.gz"
  sha256: "56432cae2ca3c494b3f5bed6448f8fbd422a40ce99af5d153241e733eab123cb"
  extract_subdir: "esp-serial-flasher-1.8.0"
  dest: "fw/ext/tools/esp-serial-flasher"
